
Microsoft Visual Studio Solution File, Format Version 12.00
# Visual Studio Version 17
VisualStudioVersion = 17.2.32616.157
MinimumVisualStudioVersion = 10.0.40219.1
Project("{FAE04EC0-301F-11D3-BF4B-00C04F79EFBC}") = "ConsoleApp32", "ConsoleApp32.csproj", "{D562E3EF-7BBA-4416-B148-C898A6642C19}"
EndProject
Global
	GlobalSection(SolutionConfigurationPlatforms) = preSolution
		Debug|Any CPU = Debug|Any CPU
		Release|Any CPU = Release|Any CPU
	EndGlobalSection
	GlobalSection(ProjectConfigurationPlatforms) = postSolution
		{D562E3EF-7BBA-4416-B148-C898A6642C19}.Debug|Any CPU.ActiveCfg = Debug|Any CPU
		{D562E3EF-7BBA-4416-B148-C898A6642C19}.Debug|Any CPU.Build.0 = Debug|Any CPU
		{D562E3EF-7BBA-4416-B148-C898A6642C19}.Release|Any CPU.ActiveCfg = Release|Any CPU
		{D562E3EF-7BBA-4416-B148-C898A6642C19}.Release|Any CPU.Build.0 = Release|Any CPU
	EndGlobalSection
	GlobalSection(SolutionProperties) = preSolution
		HideSolutionNode = FALSE
	EndGlobalSection
	GlobalSection(ExtensibilityGlobals) = postSolution
		SolutionGuid = {EEA3A5DF-C863-4EB6-866D-40CAE0E1F1B4}
	EndGlobalSection
EndGlobal
